
Microsoft Visual Studio Solution File, Format Version 12.00
# Visual Studio Version 16
VisualStudioVersion = 16.0.30804.86
MinimumVisualStudioVersion = 10.0.40219.1
Project("{FAE04EC0-301F-11D3-BF4B-00C04F79EFBC}") = "FinTris", "FinTris\FinTris.csproj", "{A9850BC1-388E-45B6-A366-70BC1E470428}"
EndProject
Project("{FAE04EC0-301F-11D3-BF4B-00C04F79EFBC}") = "ConsoleEngine", "ConsoleEngine\ConsoleEngine.csproj", "{95D36050-0783-4156-A0AE-D4CD259AB064}"
Project("{FAE04EC0-301F-11D3-BF4B-00C04F79EFBC}") = "FintrisTests", "FintrisTest\FintrisTests.csproj", "{49F2A7EF-3A47-4079-BD6E-635C6BD3D6A2}"
EndProject
Global
	GlobalSection(SolutionConfigurationPlatforms) = preSolution
		Debug|Any CPU = Debug|Any CPU
		Release|Any CPU = Release|Any CPU
	EndGlobalSection
	GlobalSection(ProjectConfigurationPlatforms) = postSolution
		{A9850BC1-388E-45B6-A366-70BC1E470428}.Debug|Any CPU.ActiveCfg = Debug|Any CPU
		{A9850BC1-388E-45B6-A366-70BC1E470428}.Debug|Any CPU.Build.0 = Debug|Any CPU
		{A9850BC1-388E-45B6-A366-70BC1E470428}.Release|Any CPU.ActiveCfg = Release|Any CPU
		{A9850BC1-388E-45B6-A366-70BC1E470428}.Release|Any CPU.Build.0 = Release|Any CPU
		{95D36050-0783-4156-A0AE-D4CD259AB064}.Debug|Any CPU.ActiveCfg = Debug|Any CPU
		{95D36050-0783-4156-A0AE-D4CD259AB064}.Debug|Any CPU.Build.0 = Debug|Any CPU
		{95D36050-0783-4156-A0AE-D4CD259AB064}.Release|Any CPU.ActiveCfg = Release|Any CPU
		{95D36050-0783-4156-A0AE-D4CD259AB064}.Release|Any CPU.Build.0 = Release|Any CPU

	EndGlobalSection
	GlobalSection(SolutionProperties) = preSolution
		HideSolutionNode = FALSE
	EndGlobalSection
	GlobalSection(ExtensibilityGlobals) = postSolution
		SolutionGuid = {7CE9C2F8-B330-4A12-9155-45DE5C166958}
	EndGlobalSection
EndGlobal
